
Microsoft Visual Studio Solution File, Format Version 12.00
Project("{FAE04EC0-301F-11D3-BF4B-00C04F79EFBC}") = "Abstraction_In_CSharp", "Abstraction_In_CSharp.csproj", "{0296D9B4-9429-4546-9453-FCDDA5958A24}"
EndProject
Global
	GlobalSection(SolutionConfigurationPlatforms) = preSolution
		Debug|Any CPU = Debug|Any CPU
		Release|Any CPU = Release|Any CPU
	EndGlobalSection
	GlobalSection(ProjectConfigurationPlatforms) = postSolution
		{0296D9B4-9429-4546-9453-FCDDA5958A24}.Debug|Any CPU.ActiveCfg = Debug|Any CPU
		{0296D9B4-9429-4546-9453-FCDDA5958A24}.Debug|Any CPU.Build.0 = Debug|Any CPU
		{0296D9B4-9429-4546-9453-FCDDA5958A24}.Release|Any CPU.ActiveCfg = Release|Any CPU
		{0296D9B4-9429-4546-9453-FCDDA5958A24}.Release|Any CPU.Build.0 = Release|Any CPU
	EndGlobalSection
EndGlobal
